
Microsoft Visual Studio Solution File, Format Version 12.00
# Visual Studio Version 16
VisualStudioVersion = 16.0.30611.23
MinimumVisualStudioVersion = 10.0.40219.1
Project("{FAE04EC0-301F-11D3-BF4B-00C04F79EFBC}") = "foratea", "foratea.csproj", "{A273FAE6-AA45-4495-BEB3-479E3A4B3DA3}"
EndProject
Global
	GlobalSection(SolutionConfigurationPlatforms) = preSolution
		Debug|Any CPU = Debug|Any CPU
		Release|Any CPU = Release|Any CPU
	EndGlobalSection
	GlobalSection(ProjectConfigurationPlatforms) = postSolution
		{A273FAE6-AA45-4495-BEB3-479E3A4B3DA3}.Debug|Any CPU.ActiveCfg = Debug|Any CPU
		{A273FAE6-AA45-4495-BEB3-479E3A4B3DA3}.Debug|Any CPU.Build.0 = Debug|Any CPU
		{A273FAE6-AA45-4495-BEB3-479E3A4B3DA3}.Release|Any CPU.ActiveCfg = Release|Any CPU
		{A273FAE6-AA45-4495-BEB3-479E3A4B3DA3}.Release|Any CPU.Build.0 = Release|Any CPU
	EndGlobalSection
	GlobalSection(SolutionProperties) = preSolution
		HideSolutionNode = FALSE
	EndGlobalSection
	GlobalSection(ExtensibilityGlobals) = postSolution
		SolutionGuid = {B3AA7515-1190-4EF2-B387-1895BBA2F4E6}
	EndGlobalSection
EndGlobal
